// !$*UTF8*$!
{
	archiveVersion = 1;
	classes = {
	};
	objectVersion = 55;
	objects = {

/* Begin PBXBuildFile section */
		26B3BE36866CEA7ACAD6B8AF /* Pods_LiftNow_LiftNowUITests.framework in Frameworks */ = {isa = PBXBuildFile; fileRef = 8C9E7FDF3908F92C8559EC37 /* Pods_LiftNow_LiftNowUITests.framework */; };
		811CB49C9FA668F46F8AB910 /* Pods_LiftNowTests.framework in Frameworks */ = {isa = PBXBuildFile; fileRef = EC1945EE1753AA7CABD5A650 /* Pods_LiftNowTests.framework */; };
		90A33D8A1FC4CA8C98E6858A /* Pods_LiftNow.framework in Frameworks */ = {isa = PBXBuildFile; fileRef = 605745A0C20A9F562A3FFC8B /* Pods_LiftNow.framework */; };
		C10C18BB2879B47700945927 /* rain_waves.mp4 in Resources */ = {isa = PBXBuildFile; fileRef = C10C18BA2879B47000945927 /* rain_waves.mp4 */; };
		C11CC0B1284356FB00E51C1E /* CustomPageControl.swift in Sources */ = {isa = PBXBuildFile; fileRef = C11CC0B0284356FB00E51C1E /* CustomPageControl.swift */; };
		C138A0262858CFD400A4B01F /* CoreDataModel.xcdatamodeld in Sources */ = {isa = PBXBuildFile; fileRef = C138A0242858CFD400A4B01F /* CoreDataModel.xcdatamodeld */; };
		C138A0292858D04D00A4B01F /* CoreDataManager.swift in Sources */ = {isa = PBXBuildFile; fileRef = C138A0282858D04D00A4B01F /* CoreDataManager.swift */; };
		C138A02B2858D68E00A4B01F /* Ranges.swift in Sources */ = {isa = PBXBuildFile; fileRef = C138A02A2858D68E00A4B01F /* Ranges.swift */; };
		C161303F2862056500F8BD1C /* DESYREL_.ttf in Resources */ = {isa = PBXBuildFile; fileRef = C161303B2862056500F8BD1C /* DESYREL_.ttf */; };
		C16130402862056500F8BD1C /* BillionDreams_PERSONAL.ttf in Resources */ = {isa = PBXBuildFile; fileRef = C161303C2862056500F8BD1C /* BillionDreams_PERSONAL.ttf */; };
		C161305428620C9B00F8BD1C /* NotoSans-Black.ttf in Resources */ = {isa = PBXBuildFile; fileRef = C161304228620C8100F8BD1C /* NotoSans-Black.ttf */; };
		C161305528620C9B00F8BD1C /* NotoSans-BlackItalic.ttf in Resources */ = {isa = PBXBuildFile; fileRef = C161304728620C8100F8BD1C /* NotoSans-BlackItalic.ttf */; };
		C161305628620C9B00F8BD1C /* NotoSans-Bold.ttf in Resources */ = {isa = PBXBuildFile; fileRef = C161304328620C8100F8BD1C /* NotoSans-Bold.ttf */; };
		C161305728620C9B00F8BD1C /* NotoSans-BoldItalic.ttf in Resources */ = {isa = PBXBuildFile; fileRef = C161304A28620C8100F8BD1C /* NotoSans-BoldItalic.ttf */; };
		C161305828620C9B00F8BD1C /* NotoSans-ExtraBold.ttf in Resources */ = {isa = PBXBuildFile; fileRef = C161304628620C8100F8BD1C /* NotoSans-ExtraBold.ttf */; };
		C161305928620C9B00F8BD1C /* NotoSans-ExtraBoldItalic.ttf in Resources */ = {isa = PBXBuildFile; fileRef = C161304F28620C8100F8BD1C /* NotoSans-ExtraBoldItalic.ttf */; };
		C161305A28620C9B00F8BD1C /* NotoSans-ExtraLight.ttf in Resources */ = {isa = PBXBuildFile; fileRef = C161305028620C8100F8BD1C /* NotoSans-ExtraLight.ttf */; };
		C161305B28620C9B00F8BD1C /* NotoSans-ExtraLightItalic.ttf in Resources */ = {isa = PBXBuildFile; fileRef = C161304528620C8100F8BD1C /* NotoSans-ExtraLightItalic.ttf */; };
		C161305C28620C9B00F8BD1C /* NotoSans-Italic.ttf in Resources */ = {isa = PBXBuildFile; fileRef = C161305228620C8100F8BD1C /* NotoSans-Italic.ttf */; };
		C161305D28620C9B00F8BD1C /* NotoSans-Light.ttf in Resources */ = {isa = PBXBuildFile; fileRef = C161304928620C8100F8BD1C /* NotoSans-Light.ttf */; };
		C161305E28620C9B00F8BD1C /* NotoSans-LightItalic.ttf in Resources */ = {isa = PBXBuildFile; fileRef = C161305128620C8100F8BD1C /* NotoSans-LightItalic.ttf */; };
		C161305F28620C9B00F8BD1C /* NotoSans-Medium.ttf in Resources */ = {isa = PBXBuildFile; fileRef = C161304428620C8100F8BD1C /* NotoSans-Medium.ttf */; };
		C161306028620C9B00F8BD1C /* NotoSans-MediumItalic.ttf in Resources */ = {isa = PBXBuildFile; fileRef = C161305328620C8100F8BD1C /* NotoSans-MediumItalic.ttf */; };
		C161306128620C9B00F8BD1C /* NotoSans-Regular.ttf in Resources */ = {isa = PBXBuildFile; fileRef = C161304E28620C8100F8BD1C /* NotoSans-Regular.ttf */; };
		C161306228620C9B00F8BD1C /* NotoSans-SemiBold.ttf in Resources */ = {isa = PBXBuildFile; fileRef = C161304B28620C8100F8BD1C /* NotoSans-SemiBold.ttf */; };
		C161306328620C9B00F8BD1C /* NotoSans-SemiBoldItalic.ttf in Resources */ = {isa = PBXBuildFile; fileRef = C161304828620C8100F8BD1C /* NotoSans-SemiBoldItalic.ttf */; };
		C161306428620C9B00F8BD1C /* NotoSans-Thin.ttf in Resources */ = {isa = PBXBuildFile; fileRef = C161304C28620C8100F8BD1C /* NotoSans-Thin.ttf */; };
		C161306528620C9B00F8BD1C /* NotoSans-ThinItalic.ttf in Resources */ = {isa = PBXBuildFile; fileRef = C161304D28620C8100F8BD1C /* NotoSans-ThinItalic.ttf */; };
		C161306B28620CE200F8BD1C /* Calibri Bold Italic.ttf in Resources */ = {isa = PBXBuildFile; fileRef = C161306628620CC900F8BD1C /* Calibri Bold Italic.ttf */; };
		C161306C28620CE200F8BD1C /* Calibri Bold.TTF in Resources */ = {isa = PBXBuildFile; fileRef = C161306A28620CC900F8BD1C /* Calibri Bold.TTF */; };
		C161306D28620CE200F8BD1C /* Calibri Italic.ttf in Resources */ = {isa = PBXBuildFile; fileRef = C161306928620CC900F8BD1C /* Calibri Italic.ttf */; };
		C161306E28620CE200F8BD1C /* Calibri Light Italic.ttf in Resources */ = {isa = PBXBuildFile; fileRef = C161306728620CC900F8BD1C /* Calibri Light Italic.ttf */; };
		C161306F28620CE200F8BD1C /* Calibri Regular.ttf in Resources */ = {isa = PBXBuildFile; fileRef = C161306828620CC900F8BD1C /* Calibri Regular.ttf */; };
		C1786195284E4BC700F0517F /* MainHomeVC.swift in Sources */ = {isa = PBXBuildFile; fileRef = C1786194284E4BC700F0517F /* MainHomeVC.swift */; };
		C1786199284E4CC100F0517F /* HomeCell.swift in Sources */ = {isa = PBXBuildFile; fileRef = C1786198284E4CC100F0517F /* HomeCell.swift */; };
		C178619B284E4D9D00F0517F /* HomeCell.xib in Resources */ = {isa = PBXBuildFile; fileRef = C178619A284E4D9D00F0517F /* HomeCell.xib */; };
		C1808FDE286EB30800C07AAC /* water_waves.png in Resources */ = {isa = PBXBuildFile; fileRef = C1808FDD286EB30800C07AAC /* water_waves.png */; };
		C1808FE1286EB5CF00C07AAC /* BundleURLFetcher.swift in Sources */ = {isa = PBXBuildFile; fileRef = C1808FE0286EB5CF00C07AAC /* BundleURLFetcher.swift */; };
		C18126F7287C7E5900861201 /* ocean_waves.mp4 in Resources */ = {isa = PBXBuildFile; fileRef = C18126F6287C7E5000861201 /* ocean_waves.mp4 */; };
		C194EB49287D85FB00BBEEC1 /* BaseVC.swift in Sources */ = {isa = PBXBuildFile; fileRef = C194EB48287D85FB00BBEEC1 /* BaseVC.swift */; };
		C194EB4C287DB54900BBEEC1 /* ArtVC.swift in Sources */ = {isa = PBXBuildFile; fileRef = C194EB4B287DB54900BBEEC1 /* ArtVC.swift */; };
		C194EB54287DC41800BBEEC1 /* SJCenterFlowLayout.swift in Sources */ = {isa = PBXBuildFile; fileRef = C194EB53287DC41800BBEEC1 /* SJCenterFlowLayout.swift */; };
		C194EB56287DC51E00BBEEC1 /* CategoryColCell.swift in Sources */ = {isa = PBXBuildFile; fileRef = C194EB55287DC51E00BBEEC1 /* CategoryColCell.swift */; };
		C1B1EC2C284F6C5700396AD6 /* OceanQaVC_oldBackup.swift in Sources */ = {isa = PBXBuildFile; fileRef = C1B1EC2B284F6C5700396AD6 /* OceanQaVC_oldBackup.swift */; };
		C1B1EC2E284F897D00396AD6 /* UILabel+Extension.swift in Sources */ = {isa = PBXBuildFile; fileRef = C1B1EC2D284F897D00396AD6 /* UILabel+Extension.swift */; };
		C1B1EC31284F8DA600396AD6 /* CustomTabBar.swift in Sources */ = {isa = PBXBuildFile; fileRef = C1B1EC30284F8DA600396AD6 /* CustomTabBar.swift */; };
		C1B328862842348100950321 /* AppDelegate.swift in Sources */ = {isa = PBXBuildFile; fileRef = C1B328852842348100950321 /* AppDelegate.swift */; };
		C1B328882842348100950321 /* SceneDelegate.swift in Sources */ = {isa = PBXBuildFile; fileRef = C1B328872842348100950321 /* SceneDelegate.swift */; };
		C1B3288D2842348100950321 /* Main.storyboard in Resources */ = {isa = PBXBuildFile; fileRef = C1B3288B2842348100950321 /* Main.storyboard */; };
		C1B3288F2842348300950321 /* Assets.xcassets in Resources */ = {isa = PBXBuildFile; fileRef = C1B3288E2842348300950321 /* Assets.xcassets */; };
		C1B328922842348300950321 /* LaunchScreen.storyboard in Resources */ = {isa = PBXBuildFile; fileRef = C1B328902842348300950321 /* LaunchScreen.storyboard */; };
		C1B3289D2842348300950321 /* LiftNowTests.swift in Sources */ = {isa = PBXBuildFile; fileRef = C1B3289C2842348300950321 /* LiftNowTests.swift */; };
		C1B328A72842348300950321 /* LiftNowUITests.swift in Sources */ = {isa = PBXBuildFile; fileRef = C1B328A62842348300950321 /* LiftNowUITests.swift */; };
		C1B328A92842348300950321 /* LiftNowUITestsLaunchTests.swift in Sources */ = {isa = PBXBuildFile; fileRef = C1B328A82842348300950321 /* LiftNowUITestsLaunchTests.swift */; };
		C1B328B82842483500950321 /* OceanQaVC.swift in Sources */ = {isa = PBXBuildFile; fileRef = C1B328B72842483500950321 /* OceanQaVC.swift */; };
		C1B328BB2842526900950321 /* CurvedUIView.swift in Sources */ = {isa = PBXBuildFile; fileRef = C1B328BA2842526900950321 /* CurvedUIView.swift */; };
		C1B328BE284263AA00950321 /* CustomAlertVC.swift in Sources */ = {isa = PBXBuildFile; fileRef = C1B328BD284263AA00950321 /* CustomAlertVC.swift */; };
		C1B328C2284267F900950321 /* PopupViewController.swift in Sources */ = {isa = PBXBuildFile; fileRef = C1B328C1284267F900950321 /* PopupViewController.swift */; };
		C1B328C8284273AC00950321 /* NavigationBar.swift in Sources */ = {isa = PBXBuildFile; fileRef = C1B328C6284273AC00950321 /* NavigationBar.swift */; };
		C1B328C9284273AC00950321 /* NavigationBar.xib in Resources */ = {isa = PBXBuildFile; fileRef = C1B328C7284273AC00950321 /* NavigationBar.xib */; };
		C1B741E028596D6C00F19537 /* LogsVC.swift in Sources */ = {isa = PBXBuildFile; fileRef = C1B741DF28596D6C00F19537 /* LogsVC.swift */; };
		C1B741E228596FD800F19537 /* LogCell.xib in Resources */ = {isa = PBXBuildFile; fileRef = C1B741E128596FD800F19537 /* LogCell.xib */; };
		C1B741E42859700400F19537 /* LogCell.swift in Sources */ = {isa = PBXBuildFile; fileRef = C1B741E32859700400F19537 /* LogCell.swift */; };
		C1D9FDB1287E9F6600E604C8 /* CategoryColCell.xib in Resources */ = {isa = PBXBuildFile; fileRef = C1D9FDB0287E9F6600E604C8 /* CategoryColCell.xib */; };
/* End PBXBuildFile section */

/* Begin PBXContainerItemProxy section */
		C1B328992842348300950321 /* PBXContainerItemProxy */ = {
			isa = PBXContainerItemProxy;
			containerPortal = C1B3287A2842348100950321 /* Project object */;
			proxyType = 1;
			remoteGlobalIDString = C1B328812842348100950321;
			remoteInfo = LiftNow;
		};
		C1B328A32842348300950321 /* PBXContainerItemProxy */ = {
			isa = PBXContainerItemProxy;
			containerPortal = C1B3287A2842348100950321 /* Project object */;
			proxyType = 1;
			remoteGlobalIDString = C1B328812842348100950321;
			remoteInfo = LiftNow;
		};
/* End PBXContainerItemProxy section */

/* Begin PBXFileReference section */
		16D66ED337206AC31571FDA6 /* Pods-LiftNow-LiftNowUITests.debug.xcconfig */ = {isa = PBXFileReference; includeInIndex = 1; lastKnownFileType = text.xcconfig; name = "Pods-LiftNow-LiftNowUITests.debug.xcconfig"; path = "Target Support Files/Pods-LiftNow-LiftNowUITests/Pods-LiftNow-LiftNowUITests.debug.xcconfig"; sourceTree = "<group>"; };
		332F35CE3984B51E4B8E1548 /* Pods-LiftNow-LiftNowUITests.release.xcconfig */ = {isa = PBXFileReference; includeInIndex = 1; lastKnownFileType = text.xcconfig; name = "Pods-LiftNow-LiftNowUITests.release.xcconfig"; path = "Target Support Files/Pods-LiftNow-LiftNowUITests/Pods-LiftNow-LiftNowUITests.release.xcconfig"; sourceTree = "<group>"; };
		5583E92E244AAB8F6E394EB8 /* Pods-LiftNow.release.xcconfig */ = {isa = PBXFileReference; includeInIndex = 1; lastKnownFileType = text.xcconfig; name = "Pods-LiftNow.release.xcconfig"; path = "Target Support Files/Pods-LiftNow/Pods-LiftNow.release.xcconfig"; sourceTree = "<group>"; };
		605745A0C20A9F562A3FFC8B /* Pods_LiftNow.framework */ = {isa = PBXFileReference; explicitFileType = wrapper.framework; includeInIndex = 0; path = Pods_LiftNow.framework; sourceTree = BUILT_PRODUCTS_DIR; };
		8C9E7FDF3908F92C8559EC37 /* Pods_LiftNow_LiftNowUITests.framework */ = {isa = PBXFileReference; explicitFileType = wrapper.framework; includeInIndex = 0; path = Pods_LiftNow_LiftNowUITests.framework; sourceTree = BUILT_PRODUCTS_DIR; };
		C10C18BA2879B47000945927 /* rain_waves.mp4 */ = {isa = PBXFileReference; lastKnownFileType = file; path = rain_waves.mp4; sourceTree = "<group>"; };
		C11CC0B0284356FB00E51C1E /* CustomPageControl.swift */ = {isa = PBXFileReference; lastKnownFileType = sourcecode.swift; path = CustomPageControl.swift; sourceTree = "<group>"; };
		C138A0252858CFD400A4B01F /* CoreDataModel.xcdatamodel */ = {isa = PBXFileReference; lastKnownFileType = wrapper.xcdatamodel; path = CoreDataModel.xcdatamodel; sourceTree = "<group>"; };
		C138A0282858D04D00A4B01F /* CoreDataManager.swift */ = {isa = PBXFileReference; lastKnownFileType = sourcecode.swift; path = CoreDataManager.swift; sourceTree = "<group>"; };
		C138A02A2858D68E00A4B01F /* Ranges.swift */ = {isa = PBXFileReference; lastKnownFileType = sourcecode.swift; path = Ranges.swift; sourceTree = "<group>"; };
		C161303B2862056500F8BD1C /* DESYREL_.ttf */ = {isa = PBXFileReference; lastKnownFileType = file; path = DESYREL_.ttf; sourceTree = "<group>"; };
		C161303C2862056500F8BD1C /* BillionDreams_PERSONAL.ttf */ = {isa = PBXFileReference; lastKnownFileType = file; path = BillionDreams_PERSONAL.ttf; sourceTree = "<group>"; };
		C161304228620C8100F8BD1C /* NotoSans-Black.ttf */ = {isa = PBXFileReference; lastKnownFileType = file; path = "NotoSans-Black.ttf"; sourceTree = "<group>"; };
		C161304328620C8100F8BD1C /* NotoSans-Bold.ttf */ = {isa = PBXFileReference; lastKnownFileType = file; path = "NotoSans-Bold.ttf"; sourceTree = "<group>"; };
		C161304428620C8100F8BD1C /* NotoSans-Medium.ttf */ = {isa = PBXFileReference; lastKnownFileType = file; path = "NotoSans-Medium.ttf"; sourceTree = "<group>"; };
		C161304528620C8100F8BD1C /* NotoSans-ExtraLightItalic.ttf */ = {isa = PBXFileReference; lastKnownFileType = file; path = "NotoSans-ExtraLightItalic.ttf"; sourceTree = "<group>"; };
		C161304628620C8100F8BD1C /* NotoSans-ExtraBold.ttf */ = {isa = PBXFileReference; lastKnownFileType = file; path = "NotoSans-ExtraBold.ttf"; sourceTree = "<group>"; };
		C161304728620C8100F8BD1C /* NotoSans-BlackItalic.ttf */ = {isa = PBXFileReference; lastKnownFileType = file; path = "NotoSans-BlackItalic.ttf"; sourceTree = "<group>"; };
		C161304828620C8100F8BD1C /* NotoSans-SemiBoldItalic.ttf */ = {isa = PBXFileReference; lastKnownFileType = file; path = "NotoSans-SemiBoldItalic.ttf"; sourceTree = "<group>"; };
		C161304928620C8100F8BD1C /* NotoSans-Light.ttf */ = {isa = PBXFileReference; lastKnownFileType = file; path = "NotoSans-Light.ttf"; sourceTree = "<group>"; };
		C161304A28620C8100F8BD1C /* NotoSans-BoldItalic.ttf */ = {isa = PBXFileReference; lastKnownFileType = file; path = "NotoSans-BoldItalic.ttf"; sourceTree = "<group>"; };
		C161304B28620C8100F8BD1C /* NotoSans-SemiBold.ttf */ = {isa = PBXFileReference; lastKnownFileType = file; path = "NotoSans-SemiBold.ttf"; sourceTree = "<group>"; };
		C161304C28620C8100F8BD1C /* NotoSans-Thin.ttf */ = {isa = PBXFileReference; lastKnownFileType = file; path = "NotoSans-Thin.ttf"; sourceTree = "<group>"; };
		C161304D28620C8100F8BD1C /* NotoSans-ThinItalic.ttf */ = {isa = PBXFileReference; lastKnownFileType = file; path = "NotoSans-ThinItalic.ttf"; sourceTree = "<group>"; };
		C161304E28620C8100F8BD1C /* NotoSans-Regular.ttf */ = {isa = PBXFileReference; lastKnownFileType = file; path = "NotoSans-Regular.ttf"; sourceTree = "<group>"; };
		C161304F28620C8100F8BD1C /* NotoSans-ExtraBoldItalic.ttf */ = {isa = PBXFileReference; lastKnownFileType = file; path = "NotoSans-ExtraBoldItalic.ttf"; sourceTree = "<group>"; };
		C161305028620C8100F8BD1C /* NotoSans-ExtraLight.ttf */ = {isa = PBXFileReference; lastKnownFileType = file; path = "NotoSans-ExtraLight.ttf"; sourceTree = "<group>"; };
		C161305128620C8100F8BD1C /* NotoSans-LightItalic.ttf */ = {isa = PBXFileReference; lastKnownFileType = file; path = "NotoSans-LightItalic.ttf"; sourceTree = "<group>"; };
		C161305228620C8100F8BD1C /* NotoSans-Italic.ttf */ = {isa = PBXFileReference; lastKnownFileType = file; path = "NotoSans-Italic.ttf"; sourceTree = "<group>"; };
		C161305328620C8100F8BD1C /* NotoSans-MediumItalic.ttf */ = {isa = PBXFileReference; lastKnownFileType = file; path = "NotoSans-MediumItalic.ttf"; sourceTree = "<group>"; };
		C161306628620CC900F8BD1C /* Calibri Bold Italic.ttf */ = {isa = PBXFileReference; lastKnownFileType = file; path = "Calibri Bold Italic.ttf"; sourceTree = "<group>"; };
		C161306728620CC900F8BD1C /* Calibri Light Italic.ttf */ = {isa = PBXFileReference; lastKnownFileType = file; path = "Calibri Light Italic.ttf"; sourceTree = "<group>"; };
		C161306828620CC900F8BD1C /* Calibri Regular.ttf */ = {isa = PBXFileReference; lastKnownFileType = file; path = "Calibri Regular.ttf"; sourceTree = "<group>"; };
		C161306928620CC900F8BD1C /* Calibri Italic.ttf */ = {isa = PBXFileReference; lastKnownFileType = file; path = "Calibri Italic.ttf"; sourceTree = "<group>"; };
		C161306A28620CC900F8BD1C /* Calibri Bold.TTF */ = {isa = PBXFileReference; lastKnownFileType = file; path = "Calibri Bold.TTF"; sourceTree = "<group>"; };
		C1786194284E4BC700F0517F /* MainHomeVC.swift */ = {isa = PBXFileReference; lastKnownFileType = sourcecode.swift; path = MainHomeVC.swift; sourceTree = "<group>"; };
		C1786198284E4CC100F0517F /* HomeCell.swift */ = {isa = PBXFileReference; lastKnownFileType = sourcecode.swift; path = HomeCell.swift; sourceTree = "<group>"; };
		C178619A284E4D9D00F0517F /* HomeCell.xib */ = {isa = PBXFileReference; lastKnownFileType = file.xib; path = HomeCell.xib; sourceTree = "<group>"; };
		C1808FDD286EB30800C07AAC /* water_waves.png */ = {isa = PBXFileReference; lastKnownFileType = image.png; path = water_waves.png; sourceTree = "<group>"; };
		C1808FDF286EB34800C07AAC /* webp_anim.webp */ = {isa = PBXFileReference; lastKnownFileType = file; path = webp_anim.webp; sourceTree = "<group>"; };
		C1808FE0286EB5CF00C07AAC /* BundleURLFetcher.swift */ = {isa = PBXFileReference; lastKnownFileType = sourcecode.swift; path = BundleURLFetcher.swift; sourceTree = "<group>"; };
		C18126F6287C7E5000861201 /* ocean_waves.mp4 */ = {isa = PBXFileReference; lastKnownFileType = file; path = ocean_waves.mp4; sourceTree = "<group>"; };
		C194EB48287D85FB00BBEEC1 /* BaseVC.swift */ = {isa = PBXFileReference; lastKnownFileType = sourcecode.swift; path = BaseVC.swift; sourceTree = "<group>"; };
		C194EB4B287DB54900BBEEC1 /* ArtVC.swift */ = {isa = PBXFileReference; lastKnownFileType = sourcecode.swift; path = ArtVC.swift; sourceTree = "<group>"; };
		C194EB53287DC41800BBEEC1 /* SJCenterFlowLayout.swift */ = {isa = PBXFileReference; fileEncoding = 4; lastKnownFileType = sourcecode.swift; path = SJCenterFlowLayout.swift; sourceTree = "<group>"; };
		C194EB55287DC51E00BBEEC1 /* CategoryColCell.swift */ = {isa = PBXFileReference; fileEncoding = 4; lastKnownFileType = sourcecode.swift; path = CategoryColCell.swift; sourceTree = "<group>"; };
		C1B1EC2B284F6C5700396AD6 /* OceanQaVC_oldBackup.swift */ = {isa = PBXFileReference; fileEncoding = 4; lastKnownFileType = sourcecode.swift; path = OceanQaVC_oldBackup.swift; sourceTree = "<group>"; };
		C1B1EC2D284F897D00396AD6 /* UILabel+Extension.swift */ = {isa = PBXFileReference; lastKnownFileType = sourcecode.swift; path = "UILabel+Extension.swift"; sourceTree = "<group>"; };
		C1B1EC30284F8DA600396AD6 /* CustomTabBar.swift */ = {isa = PBXFileReference; lastKnownFileType = sourcecode.swift; path = CustomTabBar.swift; sourceTree = "<group>"; };
		C1B328822842348100950321 /* LiftNow.app */ = {isa = PBXFileReference; explicitFileType = wrapper.application; includeInIndex = 0; path = LiftNow.app; sourceTree = BUILT_PRODUCTS_DIR; };
		C1B328852842348100950321 /* AppDelegate.swift */ = {isa = PBXFileReference; lastKnownFileType = sourcecode.swift; path = AppDelegate.swift; sourceTree = "<group>"; };
		C1B328872842348100950321 /* SceneDelegate.swift */ = {isa = PBXFileReference; lastKnownFileType = sourcecode.swift; path = SceneDelegate.swift; sourceTree = "<group>"; };
		C1B3288C2842348100950321 /* Base */ = {isa = PBXFileReference; lastKnownFileType = file.storyboard; name = Base; path = Base.lproj/Main.storyboard; sourceTree = "<group>"; };
		C1B3288E2842348300950321 /* Assets.xcassets */ = {isa = PBXFileReference; lastKnownFileType = folder.assetcatalog; path = Assets.xcassets; sourceTree = "<group>"; };
		C1B328912842348300950321 /* Base */ = {isa = PBXFileReference; lastKnownFileType = file.storyboard; name = Base; path = Base.lproj/LaunchScreen.storyboard; sourceTree = "<group>"; };
		C1B328932842348300950321 /* Info.plist */ = {isa = PBXFileReference; lastKnownFileType = text.plist.xml; path = Info.plist; sourceTree = "<group>"; };
		C1B328982842348300950321 /* LiftNowTests.xctest */ = {isa = PBXFileReference; explicitFileType = wrapper.cfbundle; includeInIndex = 0; path = LiftNowTests.xctest; sourceTree = BUILT_PRODUCTS_DIR; };
		C1B3289C2842348300950321 /* LiftNowTests.swift */ = {isa = PBXFileReference; lastKnownFileType = sourcecode.swift; path = LiftNowTests.swift; sourceTree = "<group>"; };
		C1B328A22842348300950321 /* LiftNowUITests.xctest */ = {isa = PBXFileReference; explicitFileType = wrapper.cfbundle; includeInIndex = 0; path = LiftNowUITests.xctest; sourceTree = BUILT_PRODUCTS_DIR; };
		C1B328A62842348300950321 /* LiftNowUITests.swift */ = {isa = PBXFileReference; lastKnownFileType = sourcecode.swift; path = LiftNowUITests.swift; sourceTree = "<group>"; };
		C1B328A82842348300950321 /* LiftNowUITestsLaunchTests.swift */ = {isa = PBXFileReference; lastKnownFileType = sourcecode.swift; path = LiftNowUITestsLaunchTests.swift; sourceTree = "<group>"; };
		C1B328B72842483500950321 /* OceanQaVC.swift */ = {isa = PBXFileReference; lastKnownFileType = sourcecode.swift; path = OceanQaVC.swift; sourceTree = "<group>"; };
		C1B328BA2842526900950321 /* CurvedUIView.swift */ = {isa = PBXFileReference; fileEncoding = 4; lastKnownFileType = sourcecode.swift; path = CurvedUIView.swift; sourceTree = "<group>"; };
		C1B328BD284263AA00950321 /* CustomAlertVC.swift */ = {isa = PBXFileReference; fileEncoding = 4; lastKnownFileType = sourcecode.swift; path = CustomAlertVC.swift; sourceTree = "<group>"; };
		C1B328C1284267F900950321 /* PopupViewController.swift */ = {isa = PBXFileReference; lastKnownFileType = sourcecode.swift; path = PopupViewController.swift; sourceTree = "<group>"; };
		C1B328C6284273AC00950321 /* NavigationBar.swift */ = {isa = PBXFileReference; fileEncoding = 4; lastKnownFileType = sourcecode.swift; path = NavigationBar.swift; sourceTree = "<group>"; };
		C1B328C7284273AC00950321 /* NavigationBar.xib */ = {isa = PBXFileReference; fileEncoding = 4; lastKnownFileType = file.xib; path = NavigationBar.xib; sourceTree = "<group>"; };
		C1B741DF28596D6C00F19537 /* LogsVC.swift */ = {isa = PBXFileReference; lastKnownFileType = sourcecode.swift; path = LogsVC.swift; sourceTree = "<group>"; };
		C1B741E128596FD800F19537 /* LogCell.xib */ = {isa = PBXFileReference; fileEncoding = 4; lastKnownFileType = file.xib; path = LogCell.xib; sourceTree = "<group>"; };
		C1B741E32859700400F19537 /* LogCell.swift */ = {isa = PBXFileReference; fileEncoding = 4; lastKnownFileType = sourcecode.swift; path = LogCell.swift; sourceTree = "<group>"; };
		C1D9FDB0287E9F6600E604C8 /* CategoryColCell.xib */ = {isa = PBXFileReference; lastKnownFileType = file.xib; path = CategoryColCell.xib; sourceTree = "<group>"; };
		C8A8E104DFCA72AAB3CEB67F /* Pods-LiftNow.debug.xcconfig */ = {isa = PBXFileReference; includeInIndex = 1; lastKnownFileType = text.xcconfig; name = "Pods-LiftNow.debug.xcconfig"; path = "Target Support Files/Pods-LiftNow/Pods-LiftNow.debug.xcconfig"; sourceTree = "<group>"; };
		E082373D9B10A5EC93533574 /* Pods-LiftNowTests.debug.xcconfig */ = {isa = PBXFileReference; includeInIndex = 1; lastKnownFileType = text.xcconfig; name = "Pods-LiftNowTests.debug.xcconfig"; path = "Target Support Files/Pods-LiftNowTests/Pods-LiftNowTests.debug.xcconfig"; sourceTree = "<group>"; };
		EBC595A18CE1AF7CF51F3C2E /* Pods-LiftNowTests.release.xcconfig */ = {isa = PBXFileReference; includeInIndex = 1; lastKnownFileType = text.xcconfig; name = "Pods-LiftNowTests.release.xcconfig"; path = "Target Support Files/Pods-LiftNowTests/Pods-LiftNowTests.release.xcconfig"; sourceTree = "<group>"; };
		EC1945EE1753AA7CABD5A650 /* Pods_LiftNowTests.framework */ = {isa = PBXFileReference; explicitFileType = wrapper.framework; includeInIndex = 0; path = Pods_LiftNowTests.framework; sourceTree = BUILT_PRODUCTS_DIR; };
/* End PBXFileReference section */

/* Begin PBXFrameworksBuildPhase section */
		C1B3287F2842348100950321 /* Frameworks */ = {
			isa = PBXFrameworksBuildPhase;
			buildActionMask = 2147483647;
			files = (
				90A33D8A1FC4CA8C98E6858A /* Pods_LiftNow.framework in Frameworks */,
			);
			runOnlyForDeploymentPostprocessing = 0;
		};
		C1B328952842348300950321 /* Frameworks */ = {
			isa = PBXFrameworksBuildPhase;
			buildActionMask = 2147483647;
			files = (
				811CB49C9FA668F46F8AB910 /* Pods_LiftNowTests.framework in Frameworks */,
			);
			runOnlyForDeploymentPostprocessing = 0;
		};
		C1B3289F2842348300950321 /* Frameworks */ = {
			isa = PBXFrameworksBuildPhase;
			buildActionMask = 2147483647;
			files = (
				26B3BE36866CEA7ACAD6B8AF /* Pods_LiftNow_LiftNowUITests.framework in Frameworks */,
			);
			runOnlyForDeploymentPostprocessing = 0;
		};
/* End PBXFrameworksBuildPhase section */

/* Begin PBXGroup section */
		3B2C7014B0176D0081D7380F /* Pods */ = {
			isa = PBXGroup;
			children = (
				C8A8E104DFCA72AAB3CEB67F /* Pods-LiftNow.debug.xcconfig */,
				5583E92E244AAB8F6E394EB8 /* Pods-LiftNow.release.xcconfig */,
				16D66ED337206AC31571FDA6 /* Pods-LiftNow-LiftNowUITests.debug.xcconfig */,
				332F35CE3984B51E4B8E1548 /* Pods-LiftNow-LiftNowUITests.release.xcconfig */,
				E082373D9B10A5EC93533574 /* Pods-LiftNowTests.debug.xcconfig */,
				EBC595A18CE1AF7CF51F3C2E /* Pods-LiftNowTests.release.xcconfig */,
			);
			path = Pods;
			sourceTree = "<group>";
		};
		AA791522D3B4B2C79DECEA7E /* Frameworks */ = {
			isa = PBXGroup;
			children = (
				605745A0C20A9F562A3FFC8B /* Pods_LiftNow.framework */,
				8C9E7FDF3908F92C8559EC37 /* Pods_LiftNow_LiftNowUITests.framework */,
				EC1945EE1753AA7CABD5A650 /* Pods_LiftNowTests.framework */,
			);
			name = Frameworks;
			sourceTree = "<group>";
		};
		C138A0272858D04000A4B01F /* coreData */ = {
			isa = PBXGroup;
			children = (
				C138A0282858D04D00A4B01F /* CoreDataManager.swift */,
				C138A02A2858D68E00A4B01F /* Ranges.swift */,
			);
			path = coreData;
			sourceTree = "<group>";
		};
		C16130382861E5CD00F8BD1C /* fonts */ = {
			isa = PBXGroup;
			children = (
				C161304228620C8100F8BD1C /* NotoSans-Black.ttf */,
				C161304728620C8100F8BD1C /* NotoSans-BlackItalic.ttf */,
				C161304328620C8100F8BD1C /* NotoSans-Bold.ttf */,
				C161304A28620C8100F8BD1C /* NotoSans-BoldItalic.ttf */,
				C161304628620C8100F8BD1C /* NotoSans-ExtraBold.ttf */,
				C161304F28620C8100F8BD1C /* NotoSans-ExtraBoldItalic.ttf */,
				C161305028620C8100F8BD1C /* NotoSans-ExtraLight.ttf */,
				C161304528620C8100F8BD1C /* NotoSans-ExtraLightItalic.ttf */,
				C161305228620C8100F8BD1C /* NotoSans-Italic.ttf */,
				C161304928620C8100F8BD1C /* NotoSans-Light.ttf */,
				C161305128620C8100F8BD1C /* NotoSans-LightItalic.ttf */,
				C161304428620C8100F8BD1C /* NotoSans-Medium.ttf */,
				C161305328620C8100F8BD1C /* NotoSans-MediumItalic.ttf */,
				C161304E28620C8100F8BD1C /* NotoSans-Regular.ttf */,
				C161304B28620C8100F8BD1C /* NotoSans-SemiBold.ttf */,
				C161304828620C8100F8BD1C /* NotoSans-SemiBoldItalic.ttf */,
				C161304C28620C8100F8BD1C /* NotoSans-Thin.ttf */,
				C161304D28620C8100F8BD1C /* NotoSans-ThinItalic.ttf */,
				C161303C2862056500F8BD1C /* BillionDreams_PERSONAL.ttf */,
				C161306628620CC900F8BD1C /* Calibri Bold Italic.ttf */,
				C161306A28620CC900F8BD1C /* Calibri Bold.TTF */,
				C161306928620CC900F8BD1C /* Calibri Italic.ttf */,
				C161306728620CC900F8BD1C /* Calibri Light Italic.ttf */,
				C161306828620CC900F8BD1C /* Calibri Regular.ttf */,
				C161303B2862056500F8BD1C /* DESYREL_.ttf */,
			);
			path = fonts;
			sourceTree = "<group>";
		};
		C1786196284E4C8100F0517F /* vc */ = {
			isa = PBXGroup;
			children = (
				C194EB4A287DB53800BBEEC1 /* art */,
				C1B741DE28596D3200F19537 /* log */,
				C1786197284E4CB200F0517F /* home */,
				C1B1EC2A284F6B5A00396AD6 /* detail */,
				C194EB48287D85FB00BBEEC1 /* BaseVC.swift */,
			);
			path = vc;
			sourceTree = "<group>";
		};
		C1786197284E4CB200F0517F /* home */ = {
			isa = PBXGroup;
			children = (
				C1786194284E4BC700F0517F /* MainHomeVC.swift */,
				C1786198284E4CC100F0517F /* HomeCell.swift */,
				C178619A284E4D9D00F0517F /* HomeCell.xib */,
			);
			path = home;
			sourceTree = "<group>";
		};
		C1808FDA286EB2C800C07AAC /* Resources */ = {
			isa = PBXGroup;
			children = (
				C18126F6287C7E5000861201 /* ocean_waves.mp4 */,
				C10C18BA2879B47000945927 /* rain_waves.mp4 */,
				C1808FDC286EB2E100C07AAC /* webp */,
				C1808FDB286EB2D800C07AAC /* apng */,
			);
			path = Resources;
			sourceTree = "<group>";
		};
		C1808FDB286EB2D800C07AAC /* apng */ = {
			isa = PBXGroup;
			children = (
				C1808FDD286EB30800C07AAC /* water_waves.png */,
			);
			path = apng;
			sourceTree = "<group>";
		};
		C1808FDC286EB2E100C07AAC /* webp */ = {
			isa = PBXGroup;
			children = (
				C1808FDF286EB34800C07AAC /* webp_anim.webp */,
			);
			path = webp;
			sourceTree = "<group>";
		};
		C194EB4A287DB53800BBEEC1 /* art */ = {
			isa = PBXGroup;
			children = (
				C1D9FDB0287E9F6600E604C8 /* CategoryColCell.xib */,
				C194EB55287DC51E00BBEEC1 /* CategoryColCell.swift */,
				C194EB53287DC41800BBEEC1 /* SJCenterFlowLayout.swift */,
				C194EB4B287DB54900BBEEC1 /* ArtVC.swift */,
			);
			path = art;
			sourceTree = "<group>";
		};
		C1B1EC2A284F6B5A00396AD6 /* detail */ = {
			isa = PBXGroup;
			children = (
				C1B328B72842483500950321 /* OceanQaVC.swift */,
				C1B1EC2B284F6C5700396AD6 /* OceanQaVC_oldBackup.swift */,
			);
			path = detail;
			sourceTree = "<group>";
		};
		C1B1EC2F284F8D8E00396AD6 /* utility */ = {
			isa = PBXGroup;
			children = (
				C1B1EC30284F8DA600396AD6 /* CustomTabBar.swift */,
				C1808FE0286EB5CF00C07AAC /* BundleURLFetcher.swift */,
			);
			path = utility;
			sourceTree = "<group>";
		};
		C1B328792842348100950321 = {
			isa = PBXGroup;
			children = (
				C1B328842842348100950321 /* LiftNow */,
				C1B3289B2842348300950321 /* LiftNowTests */,
				C1B328A52842348300950321 /* LiftNowUITests */,
				C1B328832842348100950321 /* Products */,
				3B2C7014B0176D0081D7380F /* Pods */,
				AA791522D3B4B2C79DECEA7E /* Frameworks */,
			);
			sourceTree = "<group>";
		};
		C1B328832842348100950321 /* Products */ = {
			isa = PBXGroup;
			children = (
				C1B328822842348100950321 /* LiftNow.app */,
				C1B328982842348300950321 /* LiftNowTests.xctest */,
				C1B328A22842348300950321 /* LiftNowUITests.xctest */,
			);
			name = Products;
			sourceTree = "<group>";
		};
		C1B328842842348100950321 /* LiftNow */ = {
			isa = PBXGroup;
			children = (
				C1808FDA286EB2C800C07AAC /* Resources */,
				C16130382861E5CD00F8BD1C /* fonts */,
				C138A0272858D04000A4B01F /* coreData */,
				C1B1EC2F284F8D8E00396AD6 /* utility */,
				C1B328BC2842639E00950321 /* component */,
				C1B328B92842525100950321 /* extension */,
				C1786196284E4C8100F0517F /* vc */,
				C1B328852842348100950321 /* AppDelegate.swift */,
				C1B328872842348100950321 /* SceneDelegate.swift */,
				C1B3288B2842348100950321 /* Main.storyboard */,
				C1B3288E2842348300950321 /* Assets.xcassets */,
				C1B328902842348300950321 /* LaunchScreen.storyboard */,
				C1B328932842348300950321 /* Info.plist */,
				C138A0242858CFD400A4B01F /* CoreDataModel.xcdatamodeld */,
			);
			path = LiftNow;
			sourceTree = "<group>";
		};
		C1B3289B2842348300950321 /* LiftNowTests */ = {
			isa = PBXGroup;
			children = (
				C1B3289C2842348300950321 /* LiftNowTests.swift */,
			);
			path = LiftNowTests;
			sourceTree = "<group>";
		};
		C1B328A52842348300950321 /* LiftNowUITests */ = {
			isa = PBXGroup;
			children = (
				C1B328A62842348300950321 /* LiftNowUITests.swift */,
				C1B328A82842348300950321 /* LiftNowUITestsLaunchTests.swift */,
			);
			path = LiftNowUITests;
			sourceTree = "<group>";
		};
		C1B328B92842525100950321 /* extension */ = {
			isa = PBXGroup;
			children = (
				C1B328BA2842526900950321 /* CurvedUIView.swift */,
				C11CC0B0284356FB00E51C1E /* CustomPageControl.swift */,
				C1B1EC2D284F897D00396AD6 /* UILabel+Extension.swift */,
			);
			path = extension;
			sourceTree = "<group>";
		};
		C1B328BC2842639E00950321 /* component */ = {
			isa = PBXGroup;
			children = (
				C1B328CA284273EB00950321 /* navigationBar */,
				C1B328C1284267F900950321 /* PopupViewController.swift */,
				C1B328BD284263AA00950321 /* CustomAlertVC.swift */,
			);
			path = component;
			sourceTree = "<group>";
		};
		C1B328CA284273EB00950321 /* navigationBar */ = {
			isa = PBXGroup;
			children = (
				C1B328C7284273AC00950321 /* NavigationBar.xib */,
				C1B328C6284273AC00950321 /* NavigationBar.swift */,
			);
			path = navigationBar;
			sourceTree = "<group>";
		};
		C1B741DE28596D3200F19537 /* log */ = {
			isa = PBXGroup;
			children = (
				C1B741E32859700400F19537 /* LogCell.swift */,
				C1B741E128596FD800F19537 /* LogCell.xib */,
				C1B741DF28596D6C00F19537 /* LogsVC.swift */,
			);
			path = log;
			sourceTree = "<group>";
		};
/* End PBXGroup section */

/* Begin PBXNativeTarget section */
		C1B328812842348100950321 /* LiftNow */ = {
			isa = PBXNativeTarget;
			buildConfigurationList = C1B328AC2842348300950321 /* Build configuration list for PBXNativeTarget "LiftNow" */;
			buildPhases = (
				D6581E6DE5E5AF381C52A05D /* [CP] Check Pods Manifest.lock */,
				C1B3287E2842348100950321 /* Sources */,
				C1B3287F2842348100950321 /* Frameworks */,
				C1B328802842348100950321 /* Resources */,
				E00389CED37FD0311FF368EC /* [CP] Embed Pods Frameworks */,
			);
			buildRules = (
			);
			dependencies = (
			);
			name = LiftNow;
			productName = LiftNow;
			productReference = C1B328822842348100950321 /* LiftNow.app */;
			productType = "com.apple.product-type.application";
		};
		C1B328972842348300950321 /* LiftNowTests */ = {
			isa = PBXNativeTarget;
			buildConfigurationList = C1B328AF2842348300950321 /* Build configuration list for PBXNativeTarget "LiftNowTests" */;
			buildPhases = (
				B4B91C895A7C113F94A05E7F /* [CP] Check Pods Manifest.lock */,
				C1B328942842348300950321 /* Sources */,
				C1B328952842348300950321 /* Frameworks */,
				C1B328962842348300950321 /* Resources */,
			);
			buildRules = (
			);
			dependencies = (
				C1B3289A2842348300950321 /* PBXTargetDependency */,
			);
			name = LiftNowTests;
			productName = LiftNowTests;
			productReference = C1B328982842348300950321 /* LiftNowTests.xctest */;
			productType = "com.apple.product-type.bundle.unit-test";
		};
		C1B328A12842348300950321 /* LiftNowUITests */ = {
			isa = PBXNativeTarget;
			buildConfigurationList = C1B328B22842348300950321 /* Build configuration list for PBXNativeTarget "LiftNowUITests" */;
			buildPhases = (
				40B3F2B6AAE06BE581ACBA6F /* [CP] Check Pods Manifest.lock */,
				C1B3289E2842348300950321 /* Sources */,
				C1B3289F2842348300950321 /* Frameworks */,
				C1B328A02842348300950321 /* Resources */,
				D6129F794B6D0BF1B956F1F5 /* [CP] Embed Pods Frameworks */,
			);
			buildRules = (
			);
			dependencies = (
				C1B328A42842348300950321 /* PBXTargetDependency */,
			);
			name = LiftNowUITests;
			productName = LiftNowUITests;
			productReference = C1B328A22842348300950321 /* LiftNowUITests.xctest */;
			productType = "com.apple.product-type.bundle.ui-testing";
		};
/* End PBXNativeTarget section */

/* Begin PBXProject section */
		C1B3287A2842348100950321 /* Project object */ = {
			isa = PBXProject;
			attributes = {
				BuildIndependentTargetsInParallel = 1;
				LastSwiftUpdateCheck = 1330;
				LastUpgradeCheck = 1330;
				TargetAttributes = {
					C1B328812842348100950321 = {
						CreatedOnToolsVersion = 13.3;
					};
					C1B328972842348300950321 = {
						CreatedOnToolsVersion = 13.3;
						TestTargetID = C1B328812842348100950321;
					};
					C1B328A12842348300950321 = {
						CreatedOnToolsVersion = 13.3;
						TestTargetID = C1B328812842348100950321;
					};
				};
			};
			buildConfigurationList = C1B3287D2842348100950321 /* Build configuration list for PBXProject "LiftNow" */;
			compatibilityVersion = "Xcode 13.0";
			developmentRegion = en;
			hasScannedForEncodings = 0;
			knownRegions = (
				en,
				Base,
			);
			mainGroup = C1B328792842348100950321;
			productRefGroup = C1B328832842348100950321 /* Products */;
			projectDirPath = "";
			projectRoot = "";
			targets = (
				C1B328812842348100950321 /* LiftNow */,
				C1B328972842348300950321 /* LiftNowTests */,
				C1B328A12842348300950321 /* LiftNowUITests */,
			);
		};
/* End PBXProject section */

/* Begin PBXResourcesBuildPhase section */
		C1B328802842348100950321 /* Resources */ = {
			isa = PBXResourcesBuildPhase;
			buildActionMask = 2147483647;
			files = (
				C18126F7287C7E5900861201 /* ocean_waves.mp4 in Resources */,
				C10C18BB2879B47700945927 /* rain_waves.mp4 in Resources */,
				C1808FDE286EB30800C07AAC /* water_waves.png in Resources */,
				C161306B28620CE200F8BD1C /* Calibri Bold Italic.ttf in Resources */,
				C161306C28620CE200F8BD1C /* Calibri Bold.TTF in Resources */,
				C161306D28620CE200F8BD1C /* Calibri Italic.ttf in Resources */,
				C161306E28620CE200F8BD1C /* Calibri Light Italic.ttf in Resources */,
				C161306F28620CE200F8BD1C /* Calibri Regular.ttf in Resources */,
				C161305428620C9B00F8BD1C /* NotoSans-Black.ttf in Resources */,
				C161305528620C9B00F8BD1C /* NotoSans-BlackItalic.ttf in Resources */,
				C161305628620C9B00F8BD1C /* NotoSans-Bold.ttf in Resources */,
				C1D9FDB1287E9F6600E604C8 /* CategoryColCell.xib in Resources */,
				C161305728620C9B00F8BD1C /* NotoSans-BoldItalic.ttf in Resources */,
				C161305828620C9B00F8BD1C /* NotoSans-ExtraBold.ttf in Resources */,
				C161305928620C9B00F8BD1C /* NotoSans-ExtraBoldItalic.ttf in Resources */,
				C161305A28620C9B00F8BD1C /* NotoSans-ExtraLight.ttf in Resources */,
				C161305B28620C9B00F8BD1C /* NotoSans-ExtraLightItalic.ttf in Resources */,
				C161305C28620C9B00F8BD1C /* NotoSans-Italic.ttf in Resources */,
				C161305D28620C9B00F8BD1C /* NotoSans-Light.ttf in Resources */,
				C161305E28620C9B00F8BD1C /* NotoSans-LightItalic.ttf in Resources */,
				C161305F28620C9B00F8BD1C /* NotoSans-Medium.ttf in Resources */,
				C161306028620C9B00F8BD1C /* NotoSans-MediumItalic.ttf in Resources */,
				C161306128620C9B00F8BD1C /* NotoSans-Regular.ttf in Resources */,
				C161306228620C9B00F8BD1C /* NotoSans-SemiBold.ttf in Resources */,
				C161306328620C9B00F8BD1C /* NotoSans-SemiBoldItalic.ttf in Resources */,
				C161306428620C9B00F8BD1C /* NotoSans-Thin.ttf in Resources */,
				C161306528620C9B00F8BD1C /* NotoSans-ThinItalic.ttf in Resources */,
				C16130402862056500F8BD1C /* BillionDreams_PERSONAL.ttf in Resources */,
				C1B328922842348300950321 /* LaunchScreen.storyboard in Resources */,
				C1B3288F2842348300950321 /* Assets.xcassets in Resources */,
				C1B3288D2842348100950321 /* Main.storyboard in Resources */,
				C178619B284E4D9D00F0517F /* HomeCell.xib in Resources */,
				C161303F2862056500F8BD1C /* DESYREL_.ttf in Resources */,
				C1B741E228596FD800F19537 /* LogCell.xib in Resources */,
				C1B328C9284273AC00950321 /* NavigationBar.xib in Resources */,
			);
			runOnlyForDeploymentPostprocessing = 0;
		};
		C1B328962842348300950321 /* Resources */ = {
			isa = PBXResourcesBuildPhase;
			buildActionMask = 2147483647;
			files = (
			);
			runOnlyForDeploymentPostprocessing = 0;
		};
		C1B328A02842348300950321 /* Resources */ = {
			isa = PBXResourcesBuildPhase;
			buildActionMask = 2147483647;
			files = (
			);
			runOnlyForDeploymentPostprocessing = 0;
		};
/* End PBXResourcesBuildPhase section */

/* Begin PBXShellScriptBuildPhase section */
		40B3F2B6AAE06BE581ACBA6F /* [CP] Check Pods Manifest.lock */ = {
			isa = PBXShellScriptBuildPhase;
			buildActionMask = 2147483647;
			files = (
			);
			inputFileListPaths = (
			);
			inputPaths = (
				"${PODS_PODFILE_DIR_PATH}/Podfile.lock",
				"${PODS_ROOT}/Manifest.lock",
			);
			name = "[CP] Check Pods Manifest.lock";
			outputFileListPaths = (
			);
			outputPaths = (
				"$(DERIVED_FILE_DIR)/Pods-LiftNow-LiftNowUITests-checkManifestLockResult.txt",
			);
			runOnlyForDeploymentPostprocessing = 0;
			shellPath = /bin/sh;
			shellScript = "diff \"${PODS_PODFILE_DIR_PATH}/Podfile.lock\" \"${PODS_ROOT}/Manifest.lock\" > /dev/null\nif [ $? != 0 ] ; then\n    # print error to STDERR\n    echo \"error: The sandbox is not in sync with the Podfile.lock. Run 'pod install' or update your CocoaPods installation.\" >&2\n    exit 1\nfi\n# This output is used by Xcode 'outputs' to avoid re-running this script phase.\necho \"SUCCESS\" > \"${SCRIPT_OUTPUT_FILE_0}\"\n";
			showEnvVarsInLog = 0;
		};
		B4B91C895A7C113F94A05E7F /* [CP] Check Pods Manifest.lock */ = {
			isa = PBXShellScriptBuildPhase;
			buildActionMask = 2147483647;
			files = (
			);
			inputFileListPaths = (
			);
			inputPaths = (
				"${PODS_PODFILE_DIR_PATH}/Podfile.lock",
				"${PODS_ROOT}/Manifest.lock",
			);
			name = "[CP] Check Pods Manifest.lock";
			outputFileListPaths = (
			);
			outputPaths = (
				"$(DERIVED_FILE_DIR)/Pods-LiftNowTests-checkManifestLockResult.txt",
			);
			runOnlyForDeploymentPostprocessing = 0;
			shellPath = /bin/sh;
			shellScript = "diff \"${PODS_PODFILE_DIR_PATH}/Podfile.lock\" \"${PODS_ROOT}/Manifest.lock\" > /dev/null\nif [ $? != 0 ] ; then\n    # print error to STDERR\n    echo \"error: The sandbox is not in sync with the Podfile.lock. Run 'pod install' or update your CocoaPods installation.\" >&2\n    exit 1\nfi\n# This output is used by Xcode 'outputs' to avoid re-running this script phase.\necho \"SUCCESS\" > \"${SCRIPT_OUTPUT_FILE_0}\"\n";
			showEnvVarsInLog = 0;
		};
		D6129F794B6D0BF1B956F1F5 /* [CP] Embed Pods Frameworks */ = {
			isa = PBXShellScriptBuildPhase;
			buildActionMask = 2147483647;
			files = (
			);
			inputFileListPaths = (
				"${PODS_ROOT}/Target Support Files/Pods-LiftNow-LiftNowUITests/Pods-LiftNow-LiftNowUITests-frameworks-${CONFIGURATION}-input-files.xcfilelist",
			);
			name = "[CP] Embed Pods Frameworks";
			outputFileListPaths = (
				"${PODS_ROOT}/Target Support Files/Pods-LiftNow-LiftNowUITests/Pods-LiftNow-LiftNowUITests-frameworks-${CONFIGURATION}-output-files.xcfilelist",
			);
			runOnlyForDeploymentPostprocessing = 0;
			shellPath = /bin/sh;
			shellScript = "\"${PODS_ROOT}/Target Support Files/Pods-LiftNow-LiftNowUITests/Pods-LiftNow-LiftNowUITests-frameworks.sh\"\n";
			showEnvVarsInLog = 0;
		};
		D6581E6DE5E5AF381C52A05D /* [CP] Check Pods Manifest.lock */ = {
			isa = PBXShellScriptBuildPhase;
			buildActionMask = 2147483647;
			files = (
			);
			inputFileListPaths = (
			);
			inputPaths = (
				"${PODS_PODFILE_DIR_PATH}/Podfile.lock",
				"${PODS_ROOT}/Manifest.lock",
			);
			name = "[CP] Check Pods Manifest.lock";
			outputFileListPaths = (
			);
			outputPaths = (
				"$(DERIVED_FILE_DIR)/Pods-LiftNow-checkManifestLockResult.txt",
			);
			runOnlyForDeploymentPostprocessing = 0;
			shellPath = /bin/sh;
			shellScript = "diff \"${PODS_PODFILE_DIR_PATH}/Podfile.lock\" \"${PODS_ROOT}/Manifest.lock\" > /dev/null\nif [ $? != 0 ] ; then\n    # print error to STDERR\n    echo \"error: The sandbox is not in sync with the Podfile.lock. Run 'pod install' or update your CocoaPods installation.\" >&2\n    exit 1\nfi\n# This output is used by Xcode 'outputs' to avoid re-running this script phase.\necho \"SUCCESS\" > \"${SCRIPT_OUTPUT_FILE_0}\"\n";
			showEnvVarsInLog = 0;
		};
		E00389CED37FD0311FF368EC /* [CP] Embed Pods Frameworks */ = {
			isa = PBXShellScriptBuildPhase;
			buildActionMask = 2147483647;
			files = (
			);
			inputFileListPaths = (
				"${PODS_ROOT}/Target Support Files/Pods-LiftNow/Pods-LiftNow-frameworks-${CONFIGURATION}-input-files.xcfilelist",
			);
			name = "[CP] Embed Pods Frameworks";
			outputFileListPaths = (
				"${PODS_ROOT}/Target Support Files/Pods-LiftNow/Pods-LiftNow-frameworks-${CONFIGURATION}-output-files.xcfilelist",
			);
			runOnlyForDeploymentPostprocessing = 0;
			shellPath = /bin/sh;
			shellScript = "\"${PODS_ROOT}/Target Support Files/Pods-LiftNow/Pods-LiftNow-frameworks.sh\"\n";
			showEnvVarsInLog = 0;
		};
/* End PBXShellScriptBuildPhase section */

/* Begin PBXSourcesBuildPhase section */
		C1B3287E2842348100950321 /* Sources */ = {
			isa = PBXSourcesBuildPhase;
			buildActionMask = 2147483647;
			files = (
				C1B328BB2842526900950321 /* CurvedUIView.swift in Sources */,
				C1B1EC31284F8DA600396AD6 /* CustomTabBar.swift in Sources */,
				C138A02B2858D68E00A4B01F /* Ranges.swift in Sources */,
				C1B328BE284263AA00950321 /* CustomAlertVC.swift in Sources */,
				C194EB4C287DB54900BBEEC1 /* ArtVC.swift in Sources */,
				C1B1EC2C284F6C5700396AD6 /* OceanQaVC_oldBackup.swift in Sources */,
				C1B328C8284273AC00950321 /* NavigationBar.swift in Sources */,
				C1B328862842348100950321 /* AppDelegate.swift in Sources */,
				C1B328882842348100950321 /* SceneDelegate.swift in Sources */,
				C1786195284E4BC700F0517F /* MainHomeVC.swift in Sources */,
				C1B328B82842483500950321 /* OceanQaVC.swift in Sources */,
				C1808FE1286EB5CF00C07AAC /* BundleURLFetcher.swift in Sources */,
				C1B741E028596D6C00F19537 /* LogsVC.swift in Sources */,
				C194EB54287DC41800BBEEC1 /* SJCenterFlowLayout.swift in Sources */,
				C1B328C2284267F900950321 /* PopupViewController.swift in Sources */,
				C1786199284E4CC100F0517F /* HomeCell.swift in Sources */,
				C1B1EC2E284F897D00396AD6 /* UILabel+Extension.swift in Sources */,
				C11CC0B1284356FB00E51C1E /* CustomPageControl.swift in Sources */,
				C138A0292858D04D00A4B01F /* CoreDataManager.swift in Sources */,
				C1B741E42859700400F19537 /* LogCell.swift in Sources */,
				C138A0262858CFD400A4B01F /* CoreDataModel.xcdatamodeld in Sources */,
				C194EB56287DC51E00BBEEC1 /* CategoryColCell.swift in Sources */,
				C194EB49287D85FB00BBEEC1 /* BaseVC.swift in Sources */,
			);
			runOnlyForDeploymentPostprocessing = 0;
		};
		C1B328942842348300950321 /* Sources */ = {
			isa = PBXSourcesBuildPhase;
			buildActionMask = 2147483647;
			files = (
				C1B3289D2842348300950321 /* LiftNowTests.swift in Sources */,
			);
			runOnlyForDeploymentPostprocessing = 0;
		};
		C1B3289E2842348300950321 /* Sources */ = {
			isa = PBXSourcesBuildPhase;
			buildActionMask = 2147483647;
			files = (
				C1B328A92842348300950321 /* LiftNowUITestsLaunchTests.swift in Sources */,
				C1B328A72842348300950321 /* LiftNowUITests.swift in Sources */,
			);
			runOnlyForDeploymentPostprocessing = 0;
		};
/* End PBXSourcesBuildPhase section */

/* Begin PBXTargetDependency section */
		C1B3289A2842348300950321 /* PBXTargetDependency */ = {
			isa = PBXTargetDependency;
			target = C1B328812842348100950321 /* LiftNow */;
			targetProxy = C1B328992842348300950321 /* PBXContainerItemProxy */;
		};
		C1B328A42842348300950321 /* PBXTargetDependency */ = {
			isa = PBXTargetDependency;
			target = C1B328812842348100950321 /* LiftNow */;
			targetProxy = C1B328A32842348300950321 /* PBXContainerItemProxy */;
		};
/* End PBXTargetDependency section */

/* Begin PBXVariantGroup section */
		C1B3288B2842348100950321 /* Main.storyboard */ = {
			isa = PBXVariantGroup;
			children = (
				C1B3288C2842348100950321 /* Base */,
			);
			name = Main.storyboard;
			sourceTree = "<group>";
		};
		C1B328902842348300950321 /* LaunchScreen.storyboard */ = {
			isa = PBXVariantGroup;
			children = (
				C1B328912842348300950321 /* Base */,
			);
			name = LaunchScreen.storyboard;
			sourceTree = "<group>";
		};
/* End PBXVariantGroup section */

/* Begin XCBuildConfiguration section */
		C1B328AA2842348300950321 /* Debug */ = {
			isa = XCBuildConfiguration;
			buildSettings = {
				ALWAYS_SEARCH_USER_PATHS = NO;
				CLANG_ANALYZER_NONNULL = YES;
				CLANG_ANALYZER_NUMBER_OBJECT_CONVERSION = YES_AGGRESSIVE;
				CLANG_CXX_LANGUAGE_STANDARD = "gnu++17";
				CLANG_ENABLE_MODULES = YES;
				CLANG_ENABLE_OBJC_ARC = YES;
				CLANG_ENABLE_OBJC_WEAK = YES;
				CLANG_WARN_BLOCK_CAPTURE_AUTORELEASING = YES;
				CLANG_WARN_BOOL_CONVERSION = YES;
				CLANG_WARN_COMMA = YES;
				CLANG_WARN_CONSTANT_CONVERSION = YES;
				CLANG_WARN_DEPRECATED_OBJC_IMPLEMENTATIONS = YES;
				CLANG_WARN_DIRECT_OBJC_ISA_USAGE = YES_ERROR;
				CLANG_WARN_DOCUMENTATION_COMMENTS = YES;
				CLANG_WARN_EMPTY_BODY = YES;
				CLANG_WARN_ENUM_CONVERSION = YES;
				CLANG_WARN_INFINITE_RECURSION = YES;
				CLANG_WARN_INT_CONVERSION = YES;
				CLANG_WARN_NON_LITERAL_NULL_CONVERSION = YES;
				CLANG_WARN_OBJC_IMPLICIT_RETAIN_SELF = YES;
				CLANG_WARN_OBJC_LITERAL_CONVERSION = YES;
				CLANG_WARN_OBJC_ROOT_CLASS = YES_ERROR;
				CLANG_WARN_QUOTED_INCLUDE_IN_FRAMEWORK_HEADER = YES;
				CLANG_WARN_RANGE_LOOP_ANALYSIS = YES;
				CLANG_WARN_STRICT_PROTOTYPES = YES;
				CLANG_WARN_SUSPICIOUS_MOVE = YES;
				CLANG_WARN_UNGUARDED_AVAILABILITY = YES_AGGRESSIVE;
				CLANG_WARN_UNREACHABLE_CODE = YES;
				CLANG_WARN__DUPLICATE_METHOD_MATCH = YES;
				COPY_PHASE_STRIP = NO;
				DEBUG_INFORMATION_FORMAT = dwarf;
				ENABLE_STRICT_OBJC_MSGSEND = YES;
				ENABLE_TESTABILITY = YES;
				GCC_C_LANGUAGE_STANDARD = gnu11;
				GCC_DYNAMIC_NO_PIC = NO;
				GCC_NO_COMMON_BLOCKS = YES;
				GCC_OPTIMIZATION_LEVEL = 0;
				GCC_PREPROCESSOR_DEFINITIONS = (
					"DEBUG=1",
					"$(inherited)",
				);
				GCC_WARN_64_TO_32_BIT_CONVERSION = YES;
				GCC_WARN_ABOUT_RETURN_TYPE = YES_ERROR;
				GCC_WARN_UNDECLARED_SELECTOR = YES;
				GCC_WARN_UNINITIALIZED_AUTOS = YES_AGGRESSIVE;
				GCC_WARN_UNUSED_FUNCTION = YES;
				GCC_WARN_UNUSED_VARIABLE = YES;
				IPHONEOS_DEPLOYMENT_TARGET = 13.0;
				MTL_ENABLE_DEBUG_INFO = INCLUDE_SOURCE;
				MTL_FAST_MATH = YES;
				ONLY_ACTIVE_ARCH = YES;
				SDKROOT = iphoneos;
				SWIFT_ACTIVE_COMPILATION_CONDITIONS = DEBUG;
				SWIFT_OPTIMIZATION_LEVEL = "-Onone";
			};
			name = Debug;
		};
		C1B328AB2842348300950321 /* Release */ = {
			isa = XCBuildConfiguration;
			buildSettings = {
				ALWAYS_SEARCH_USER_PATHS = NO;
				CLANG_ANALYZER_NONNULL = YES;
				CLANG_ANALYZER_NUMBER_OBJECT_CONVERSION = YES_AGGRESSIVE;
				CLANG_CXX_LANGUAGE_STANDARD = "gnu++17";
				CLANG_ENABLE_MODULES = YES;
				CLANG_ENABLE_OBJC_ARC = YES;
				CLANG_ENABLE_OBJC_WEAK = YES;
				CLANG_WARN_BLOCK_CAPTURE_AUTORELEASING = YES;
				CLANG_WARN_BOOL_CONVERSION = YES;
				CLANG_WARN_COMMA = YES;
				CLANG_WARN_CONSTANT_CONVERSION = YES;
				CLANG_WARN_DEPRECATED_OBJC_IMPLEMENTATIONS = YES;
				CLANG_WARN_DIRECT_OBJC_ISA_USAGE = YES_ERROR;
				CLANG_WARN_DOCUMENTATION_COMMENTS = YES;
				CLANG_WARN_EMPTY_BODY = YES;
				CLANG_WARN_ENUM_CONVERSION = YES;
				CLANG_WARN_INFINITE_RECURSION = YES;
				CLANG_WARN_INT_CONVERSION = YES;
				CLANG_WARN_NON_LITERAL_NULL_CONVERSION = YES;
				CLANG_WARN_OBJC_IMPLICIT_RETAIN_SELF = YES;
				CLANG_WARN_OBJC_LITERAL_CONVERSION = YES;
				CLANG_WARN_OBJC_ROOT_CLASS = YES_ERROR;
				CLANG_WARN_QUOTED_INCLUDE_IN_FRAMEWORK_HEADER = YES;
				CLANG_WARN_RANGE_LOOP_ANALYSIS = YES;
				CLANG_WARN_STRICT_PROTOTYPES = YES;
				CLANG_WARN_SUSPICIOUS_MOVE = YES;
				CLANG_WARN_UNGUARDED_AVAILABILITY = YES_AGGRESSIVE;
				CLANG_WARN_UNREACHABLE_CODE = YES;
				CLANG_WARN__DUPLICATE_METHOD_MATCH = YES;
				COPY_PHASE_STRIP = NO;
				DEBUG_INFORMATION_FORMAT = "dwarf-with-dsym";
				ENABLE_NS_ASSERTIONS = NO;
				ENABLE_STRICT_OBJC_MSGSEND = YES;
				GCC_C_LANGUAGE_STANDARD = gnu11;
				GCC_NO_COMMON_BLOCKS = YES;
				GCC_WARN_64_TO_32_BIT_CONVERSION = YES;
				GCC_WARN_ABOUT_RETURN_TYPE = YES_ERROR;
				GCC_WARN_UNDECLARED_SELECTOR = YES;
				GCC_WARN_UNINITIALIZED_AUTOS = YES_AGGRESSIVE;
				GCC_WARN_UNUSED_FUNCTION = YES;
				GCC_WARN_UNUSED_VARIABLE = YES;
				IPHONEOS_DEPLOYMENT_TARGET = 13.0;
				MTL_ENABLE_DEBUG_INFO = NO;
				MTL_FAST_MATH = YES;
				SDKROOT = iphoneos;
				SWIFT_COMPILATION_MODE = wholemodule;
				SWIFT_OPTIMIZATION_LEVEL = "-O";
				VALIDATE_PRODUCT = YES;
			};
			name = Release;
		};
		C1B328AD2842348300950321 /* Debug */ = {
			isa = XCBuildConfiguration;
			baseConfigurationReference = C8A8E104DFCA72AAB3CEB67F /* Pods-LiftNow.debug.xcconfig */;
			buildSettings = {
				ASSETCATALOG_COMPILER_APPICON_NAME = AppIcon;
				ASSETCATALOG_COMPILER_GLOBAL_ACCENT_COLOR_NAME = AccentColor;
				CODE_SIGN_IDENTITY = "iPhone Distribution";
				CODE_SIGN_STYLE = Manual;
				CURRENT_PROJECT_VERSION = 4;
				DEVELOPMENT_TEAM = 7KTL2H9UB8;
				GENERATE_INFOPLIST_FILE = YES;
				INFOPLIST_FILE = LiftNow/Info.plist;
				INFOPLIST_KEY_UIApplicationSupportsIndirectInputEvents = YES;
				INFOPLIST_KEY_UILaunchStoryboardName = LaunchScreen;
				INFOPLIST_KEY_UIMainStoryboardFile = Main;
				INFOPLIST_KEY_UISupportedInterfaceOrientations = UIInterfaceOrientationPortrait;
				INFOPLIST_KEY_UISupportedInterfaceOrientations_iPad = "UIInterfaceOrientationPortrait UIInterfaceOrientationPortraitUpsideDown UIInterfaceOrientationLandscapeLeft UIInterfaceOrientationLandscapeRight";
				INFOPLIST_KEY_UISupportedInterfaceOrientations_iPhone = "UIInterfaceOrientationPortrait UIInterfaceOrientationLandscapeLeft UIInterfaceOrientationLandscapeRight";
				LD_RUNPATH_SEARCH_PATHS = (
					"$(inherited)",
					"@executable_path/Frameworks",
				);
				MARKETING_VERSION = 1.0;
				PRODUCT_BUNDLE_IDENTIFIER = com.liftnow;
				PRODUCT_NAME = "$(TARGET_NAME)";
				PROVISIONING_PROFILE_SPECIFIER = LiftNow_Distribution;
				SWIFT_EMIT_LOC_STRINGS = YES;
				SWIFT_VERSION = 5.0;
				TARGETED_DEVICE_FAMILY = "1,2";
			};
			name = Debug;
		};
		C1B328AE2842348300950321 /* Release */ = {
			isa = XCBuildConfiguration;
			baseConfigurationReference = 5583E92E244AAB8F6E394EB8 /* Pods-LiftNow.release.xcconfig */;
			buildSettings = {
				ASSETCATALOG_COMPILER_APPICON_NAME = AppIcon;
				ASSETCATALOG_COMPILER_GLOBAL_ACCENT_COLOR_NAME = AccentColor;
				CODE_SIGN_IDENTITY = "iPhone Distribution";
				CODE_SIGN_STYLE = Manual;
				CURRENT_PROJECT_VERSION = 4;
				DEVELOPMENT_TEAM = 7KTL2H9UB8;
				GENERATE_INFOPLIST_FILE = YES;
				INFOPLIST_FILE = LiftNow/Info.plist;
				INFOPLIST_KEY_UIApplicationSupportsIndirectInputEvents = YES;
				INFOPLIST_KEY_UILaunchStoryboardName = LaunchScreen;
				INFOPLIST_KEY_UIMainStoryboardFile = Main;
				INFOPLIST_KEY_UISupportedInterfaceOrientations = UIInterfaceOrientationPortrait;
				INFOPLIST_KEY_UISupportedInterfaceOrientations_iPad = "UIInterfaceOrientationPortrait UIInterfaceOrientationPortraitUpsideDown UIInterfaceOrientationLandscapeLeft UIInterfaceOrientationLandscapeRight";
				INFOPLIST_KEY_UISupportedInterfaceOrientations_iPhone = "UIInterfaceOrientationPortrait UIInterfaceOrientationLandscapeLeft UIInterfaceOrientationLandscapeRight";
				LD_RUNPATH_SEARCH_PATHS = (
					"$(inherited)",
					"@executable_path/Frameworks",
				);
				MARKETING_VERSION = 1.0;
				PRODUCT_BUNDLE_IDENTIFIER = com.liftnow;
				PRODUCT_NAME = "$(TARGET_NAME)";
				PROVISIONING_PROFILE_SPECIFIER = LiftNow_Distribution;
				SWIFT_EMIT_LOC_STRINGS = YES;
				SWIFT_VERSION = 5.0;
				TARGETED_DEVICE_FAMILY = "1,2";
			};
			name = Release;
		};
		C1B328B02842348300950321 /* Debug */ = {
			isa = XCBuildConfiguration;
			baseConfigurationReference = E082373D9B10A5EC93533574 /* Pods-LiftNowTests.debug.xcconfig */;
			buildSettings = {
				ALWAYS_EMBED_SWIFT_STANDARD_LIBRARIES = YES;
				BUNDLE_LOADER = "$(TEST_HOST)";
				CODE_SIGN_STYLE = Automatic;
				CURRENT_PROJECT_VERSION = 1;
				GENERATE_INFOPLIST_FILE = YES;
				IPHONEOS_DEPLOYMENT_TARGET = 15.4;
				MARKETING_VERSION = 1.0;
				PRODUCT_BUNDLE_IDENTIFIER = sample.LiftNowTests;
				PRODUCT_NAME = "$(TARGET_NAME)";
				SWIFT_EMIT_LOC_STRINGS = NO;
				SWIFT_VERSION = 5.0;
				TARGETED_DEVICE_FAMILY = "1,2";
				TEST_HOST = "$(BUILT_PRODUCTS_DIR)/LiftNow.app/LiftNow";
			};
			name = Debug;
		};
		C1B328B12842348300950321 /* Release */ = {
			isa = XCBuildConfiguration;
			baseConfigurationReference = EBC595A18CE1AF7CF51F3C2E /* Pods-LiftNowTests.release.xcconfig */;
			buildSettings = {
				ALWAYS_EMBED_SWIFT_STANDARD_LIBRARIES = YES;
				BUNDLE_LOADER = "$(TEST_HOST)";
				CODE_SIGN_STYLE = Automatic;
				CURRENT_PROJECT_VERSION = 1;
				GENERATE_INFOPLIST_FILE = YES;
				IPHONEOS_DEPLOYMENT_TARGET = 15.4;
				MARKETING_VERSION = 1.0;
				PRODUCT_BUNDLE_IDENTIFIER = sample.LiftNowTests;
				PRODUCT_NAME = "$(TARGET_NAME)";
				SWIFT_EMIT_LOC_STRINGS = NO;
				SWIFT_VERSION = 5.0;
				TARGETED_DEVICE_FAMILY = "1,2";
				TEST_HOST = "$(BUILT_PRODUCTS_DIR)/LiftNow.app/LiftNow";
			};
			name = Release;
		};
		C1B328B32842348300950321 /* Debug */ = {
			isa = XCBuildConfiguration;
			baseConfigurationReference = 16D66ED337206AC31571FDA6 /* Pods-LiftNow-LiftNowUITests.debug.xcconfig */;
			buildSettings = {
				ALWAYS_EMBED_SWIFT_STANDARD_LIBRARIES = YES;
				CODE_SIGN_STYLE = Automatic;
				CURRENT_PROJECT_VERSION = 1;
				GENERATE_INFOPLIST_FILE = YES;
				MARKETING_VERSION = 1.0;
				PRODUCT_BUNDLE_IDENTIFIER = sample.LiftNowUITests;
				PRODUCT_NAME = "$(TARGET_NAME)";
				SWIFT_EMIT_LOC_STRINGS = NO;
				SWIFT_VERSION = 5.0;
				TARGETED_DEVICE_FAMILY = "1,2";
				TEST_TARGET_NAME = LiftNow;
			};
			name = Debug;
		};
		C1B328B42842348300950321 /* Release */ = {
			isa = XCBuildConfiguration;
			baseConfigurationReference = 332F35CE3984B51E4B8E1548 /* Pods-LiftNow-LiftNowUITests.release.xcconfig */;
			buildSettings = {
				ALWAYS_EMBED_SWIFT_STANDARD_LIBRARIES = YES;
				CODE_SIGN_STYLE = Automatic;
				CURRENT_PROJECT_VERSION = 1;
				GENERATE_INFOPLIST_FILE = YES;
				MARKETING_VERSION = 1.0;
				PRODUCT_BUNDLE_IDENTIFIER = sample.LiftNowUITests;
				PRODUCT_NAME = "$(TARGET_NAME)";
				SWIFT_EMIT_LOC_STRINGS = NO;
				SWIFT_VERSION = 5.0;
				TARGETED_DEVICE_FAMILY = "1,2";
				TEST_TARGET_NAME = LiftNow;
			};
			name = Release;
		};
/* End XCBuildConfiguration section */

/* Begin XCConfigurationList section */
		C1B3287D2842348100950321 /* Build configuration list for PBXProject "LiftNow" */ = {
			isa = XCConfigurationList;
			buildConfigurations = (
				C1B328AA2842348300950321 /* Debug */,
				C1B328AB2842348300950321 /* Release */,
			);
			defaultConfigurationIsVisible = 0;
			defaultConfigurationName = Release;
		};
		C1B328AC2842348300950321 /* Build configuration list for PBXNativeTarget "LiftNow" */ = {
			isa = XCConfigurationList;
			buildConfigurations = (
				C1B328AD2842348300950321 /* Debug */,
				C1B328AE2842348300950321 /* Release */,
			);
			defaultConfigurationIsVisible = 0;
			defaultConfigurationName = Release;
		};
		C1B328AF2842348300950321 /* Build configuration list for PBXNativeTarget "LiftNowTests" */ = {
			isa = XCConfigurationList;
			buildConfigurations = (
				C1B328B02842348300950321 /* Debug */,
				C1B328B12842348300950321 /* Release */,
			);
			defaultConfigurationIsVisible = 0;
			defaultConfigurationName = Release;
		};
		C1B328B22842348300950321 /* Build configuration list for PBXNativeTarget "LiftNowUITests" */ = {
			isa = XCConfigurationList;
			buildConfigurations = (
				C1B328B32842348300950321 /* Debug */,
				C1B328B42842348300950321 /* Release */,
			);
			defaultConfigurationIsVisible = 0;
			defaultConfigurationName = Release;
		};
/* End XCConfigurationList section */

/* Begin XCVersionGroup section */
		C138A0242858CFD400A4B01F /* CoreDataModel.xcdatamodeld */ = {
			isa = XCVersionGroup;
			children = (
				C138A0252858CFD400A4B01F /* CoreDataModel.xcdatamodel */,
			);
			currentVersion = C138A0252858CFD400A4B01F /* CoreDataModel.xcdatamodel */;
			path = CoreDataModel.xcdatamodeld;
			sourceTree = "<group>";
			versionGroupType = wrapper.xcdatamodel;
		};
/* End XCVersionGroup section */
	};
	rootObject = C1B3287A2842348100950321 /* Project object */;
}
